
Microsoft Visual Studio Solution File, Format Version 12.00
# Visual Studio Version 16
VisualStudioVersion = 16.0.31112.23
MinimumVisualStudioVersion = 10.0.40219.1
Project("{9A19103F-16F7-4668-BE54-9A1E7A4F7556}") = "MovieStoreApp", "MovieStoreApp\MovieStoreApp.csproj", "{C2673C3C-39FB-4F49-99CF-5D68F481D79F}"
EndProject
Project("{9A19103F-16F7-4668-BE54-9A1E7A4F7556}") = "MovieStoreLibrary", "MovieStoreLibrary\MovieStoreLibrary.csproj", "{E5B8FCA8-BDC9-40C5-89E6-77BA7F7A1A5F}"
EndProject
Project("{FAE04EC0-301F-11D3-BF4B-00C04F79EFBC}") = "MemberServices", "MemberServices\MemberServices.csproj", "{8D6FBFD1-2D7F-4706-80FA-F69EB6FF400C}"
EndProject
Global
	GlobalSection(SolutionConfigurationPlatforms) = preSolution
		Debug|Any CPU = Debug|Any CPU
		Release|Any CPU = Release|Any CPU
	EndGlobalSection
	GlobalSection(ProjectConfigurationPlatforms) = postSolution
		{C2673C3C-39FB-4F49-99CF-5D68F481D79F}.Debug|Any CPU.ActiveCfg = Debug|Any CPU
		{C2673C3C-39FB-4F49-99CF-5D68F481D79F}.Debug|Any CPU.Build.0 = Debug|Any CPU
		{C2673C3C-39FB-4F49-99CF-5D68F481D79F}.Release|Any CPU.ActiveCfg = Release|Any CPU
		{C2673C3C-39FB-4F49-99CF-5D68F481D79F}.Release|Any CPU.Build.0 = Release|Any CPU
		{E5B8FCA8-BDC9-40C5-89E6-77BA7F7A1A5F}.Debug|Any CPU.ActiveCfg = Debug|Any CPU
		{E5B8FCA8-BDC9-40C5-89E6-77BA7F7A1A5F}.Debug|Any CPU.Build.0 = Debug|Any CPU
		{E5B8FCA8-BDC9-40C5-89E6-77BA7F7A1A5F}.Release|Any CPU.ActiveCfg = Release|Any CPU
		{E5B8FCA8-BDC9-40C5-89E6-77BA7F7A1A5F}.Release|Any CPU.Build.0 = Release|Any CPU
		{8D6FBFD1-2D7F-4706-80FA-F69EB6FF400C}.Debug|Any CPU.ActiveCfg = Debug|Any CPU
		{8D6FBFD1-2D7F-4706-80FA-F69EB6FF400C}.Debug|Any CPU.Build.0 = Debug|Any CPU
		{8D6FBFD1-2D7F-4706-80FA-F69EB6FF400C}.Release|Any CPU.ActiveCfg = Release|Any CPU
		{8D6FBFD1-2D7F-4706-80FA-F69EB6FF400C}.Release|Any CPU.Build.0 = Release|Any CPU
	EndGlobalSection
	GlobalSection(SolutionProperties) = preSolution
		HideSolutionNode = FALSE
	EndGlobalSection
	GlobalSection(ExtensibilityGlobals) = postSolution
		SolutionGuid = {2319D321-B215-4E15-A6C5-56743896A432}
	EndGlobalSection
EndGlobal
