
Microsoft Visual Studio Solution File, Format Version 12.00
# Visual Studio Version 16
VisualStudioVersion = 16.0.31112.23
MinimumVisualStudioVersion = 10.0.40219.1
Project("{9A19103F-16F7-4668-BE54-9A1E7A4F7556}") = "Task1", "Task1\Task1.csproj", "{B2AAF210-C509-452C-AFF8-927A39543494}"
EndProject
Project("{9A19103F-16F7-4668-BE54-9A1E7A4F7556}") = "Task2", "Task2\Task2.csproj", "{A571A1DE-FFDF-46D5-9106-FE75C20B7A0C}"
EndProject
Project("{FAE04EC0-301F-11D3-BF4B-00C04F79EFBC}") = "Task3", "Task3\Task3.csproj", "{E51A321C-2CA8-4BC3-BD43-94C927D1C917}"
EndProject
Global
	GlobalSection(SolutionConfigurationPlatforms) = preSolution
		Debug|Any CPU = Debug|Any CPU
		Release|Any CPU = Release|Any CPU
	EndGlobalSection
	GlobalSection(ProjectConfigurationPlatforms) = postSolution
		{B2AAF210-C509-452C-AFF8-927A39543494}.Debug|Any CPU.ActiveCfg = Debug|Any CPU
		{B2AAF210-C509-452C-AFF8-927A39543494}.Debug|Any CPU.Build.0 = Debug|Any CPU
		{B2AAF210-C509-452C-AFF8-927A39543494}.Release|Any CPU.ActiveCfg = Release|Any CPU
		{B2AAF210-C509-452C-AFF8-927A39543494}.Release|Any CPU.Build.0 = Release|Any CPU
		{A571A1DE-FFDF-46D5-9106-FE75C20B7A0C}.Debug|Any CPU.ActiveCfg = Debug|Any CPU
		{A571A1DE-FFDF-46D5-9106-FE75C20B7A0C}.Debug|Any CPU.Build.0 = Debug|Any CPU
		{A571A1DE-FFDF-46D5-9106-FE75C20B7A0C}.Release|Any CPU.ActiveCfg = Release|Any CPU
		{A571A1DE-FFDF-46D5-9106-FE75C20B7A0C}.Release|Any CPU.Build.0 = Release|Any CPU
		{E51A321C-2CA8-4BC3-BD43-94C927D1C917}.Debug|Any CPU.ActiveCfg = Debug|Any CPU
		{E51A321C-2CA8-4BC3-BD43-94C927D1C917}.Debug|Any CPU.Build.0 = Debug|Any CPU
		{E51A321C-2CA8-4BC3-BD43-94C927D1C917}.Release|Any CPU.ActiveCfg = Release|Any CPU
		{E51A321C-2CA8-4BC3-BD43-94C927D1C917}.Release|Any CPU.Build.0 = Release|Any CPU
	EndGlobalSection
	GlobalSection(SolutionProperties) = preSolution
		HideSolutionNode = FALSE
	EndGlobalSection
	GlobalSection(ExtensibilityGlobals) = postSolution
		SolutionGuid = {DF057E13-096E-46EB-9ED8-EA604F29EA00}
	EndGlobalSection
EndGlobal
